
Microsoft Visual Studio Solution File, Format Version 12.00
# Visual Studio Version 16
VisualStudioVersion = 25.0.1705.4
MinimumVisualStudioVersion = 10.0.40219.1
Project("{FAE04EC0-301F-11D3-BF4B-00C04F79EFBC}") = "assessment.2023.retry", "assessment.2023.retry\assessment.2023.retry.csproj", "{01ACBA17-C256-4A70-ABBA-B269AC0E3DB0}"
EndProject
Global
	GlobalSection(SolutionConfigurationPlatforms) = preSolution
		Debug|Any CPU = Debug|Any CPU
		Release|Any CPU = Release|Any CPU
	EndGlobalSection
	GlobalSection(ProjectConfigurationPlatforms) = postSolution
		{01ACBA17-C256-4A70-ABBA-B269AC0E3DB0}.Debug|Any CPU.ActiveCfg = Debug|Any CPU
		{01ACBA17-C256-4A70-ABBA-B269AC0E3DB0}.Debug|Any CPU.Build.0 = Debug|Any CPU
		{01ACBA17-C256-4A70-ABBA-B269AC0E3DB0}.Release|Any CPU.ActiveCfg = Release|Any CPU
		{01ACBA17-C256-4A70-ABBA-B269AC0E3DB0}.Release|Any CPU.Build.0 = Release|Any CPU
	EndGlobalSection
	GlobalSection(SolutionProperties) = preSolution
		HideSolutionNode = FALSE
	EndGlobalSection
	GlobalSection(ExtensibilityGlobals) = postSolution
		SolutionGuid = {DE5085AF-B35E-4839-98B3-25889E60907B}
	EndGlobalSection
EndGlobal
